
Microsoft Visual Studio Solution File, Format Version 12.00
# Visual Studio Version 16
VisualStudioVersion = 16.0.30225.117
MinimumVisualStudioVersion = 10.0.40219.1
Project("{9A19103F-16F7-4668-BE54-9A1E7A4F7556}") = "Autos_vs_Locals_in_VisualStudio", "Autos_vs_Locals_in_VisualStudio\Autos_vs_Locals_in_VisualStudio.csproj", "{9B11B3FC-FE9E-4DA9-B8E2-7E18D690A246}"
EndProject
Project("{2150E333-8FDC-42A3-9474-1A3956D46DE8}") = "Func_and_Action", "Func_and_Action", "{57EC1E5A-5DB0-4684-B2AB-024548DB19F7}"
EndProject
Project("{9A19103F-16F7-4668-BE54-9A1E7A4F7556}") = "Action", "Action\Action.csproj", "{C1072B32-5AD6-42D1-8FBE-DF8BB67DAD70}"
EndProject
Project("{9A19103F-16F7-4668-BE54-9A1E7A4F7556}") = "Func", "Func\Func.csproj", "{0671F43A-BECF-4812-8F90-58CE72BA3FFF}"
EndProject
Project("{9A19103F-16F7-4668-BE54-9A1E7A4F7556}") = "Predicate", "Predicate\Predicate.csproj", "{9CB87686-237B-4100-AF0B-51D62FF81818}"
EndProject
Project("{9A19103F-16F7-4668-BE54-9A1E7A4F7556}") = "Static_Variables_In_Class", "Static_Variables_In_Class\Static_Variables_In_Class.csproj", "{2D810D8D-2E6B-408C-ABCB-5E36B65E9A8D}"
EndProject
Project("{9A19103F-16F7-4668-BE54-9A1E7A4F7556}") = "Sha512_Hash_Algorithm", "Sha512_Hash_Algorithm\Sha512_Hash_Algorithm.csproj", "{4B9CD017-1C35-4D7A-8436-E2B62CC734ED}"
EndProject
Project("{2150E333-8FDC-42A3-9474-1A3956D46DE8}") = "SHA512_SHA256_Hash_Algorithm", "SHA512_SHA256_Hash_Algorithm", "{CB9C0947-0BCA-49A6-AFED-AB76FAC13FBF}"
EndProject
Project("{9A19103F-16F7-4668-BE54-9A1E7A4F7556}") = "SHA256_Hash_Agorithm", "SHA256_Hash_Agorithm\SHA256_Hash_Agorithm.csproj", "{3D46D42B-4046-4332-9341-A67ED2D79256}"
EndProject
Project("{2150E333-8FDC-42A3-9474-1A3956D46DE8}") = "Algorithms", "Algorithms", "{2E4B7F73-D53B-4040-8FF7-C257EB50CF4D}"
EndProject
Project("{9A19103F-16F7-4668-BE54-9A1E7A4F7556}") = "Recursion", "Recursion\Recursion.csproj", "{0D35B15B-62D3-4D61-8F7E-71E8CD5EF4FE}"
EndProject
Project("{9A19103F-16F7-4668-BE54-9A1E7A4F7556}") = "Cities_in_Bulgaria", "Cities_in_Bulgaria\Cities_in_Bulgaria.csproj", "{CF4BFDF9-5C2F-4B7C-B1B0-6827EACF2AB3}"
EndProject
Project("{FAE04EC0-301F-11D3-BF4B-00C04F79EFBC}") = "Static_fields", "Static_fields\Static_fields.csproj", "{65BF991D-9D8C-4444-9C92-9F55D3CD6D19}"
EndProject
Global
	GlobalSection(SolutionConfigurationPlatforms) = preSolution
		Debug|Any CPU = Debug|Any CPU
		Release|Any CPU = Release|Any CPU
	EndGlobalSection
	GlobalSection(ProjectConfigurationPlatforms) = postSolution
		{9B11B3FC-FE9E-4DA9-B8E2-7E18D690A246}.Debug|Any CPU.ActiveCfg = Debug|Any CPU
		{9B11B3FC-FE9E-4DA9-B8E2-7E18D690A246}.Debug|Any CPU.Build.0 = Debug|Any CPU
		{9B11B3FC-FE9E-4DA9-B8E2-7E18D690A246}.Release|Any CPU.ActiveCfg = Release|Any CPU
		{9B11B3FC-FE9E-4DA9-B8E2-7E18D690A246}.Release|Any CPU.Build.0 = Release|Any CPU
		{C1072B32-5AD6-42D1-8FBE-DF8BB67DAD70}.Debug|Any CPU.ActiveCfg = Debug|Any CPU
		{C1072B32-5AD6-42D1-8FBE-DF8BB67DAD70}.Debug|Any CPU.Build.0 = Debug|Any CPU
		{C1072B32-5AD6-42D1-8FBE-DF8BB67DAD70}.Release|Any CPU.ActiveCfg = Release|Any CPU
		{C1072B32-5AD6-42D1-8FBE-DF8BB67DAD70}.Release|Any CPU.Build.0 = Release|Any CPU
		{0671F43A-BECF-4812-8F90-58CE72BA3FFF}.Debug|Any CPU.ActiveCfg = Debug|Any CPU
		{0671F43A-BECF-4812-8F90-58CE72BA3FFF}.Debug|Any CPU.Build.0 = Debug|Any CPU
		{0671F43A-BECF-4812-8F90-58CE72BA3FFF}.Release|Any CPU.ActiveCfg = Release|Any CPU
		{0671F43A-BECF-4812-8F90-58CE72BA3FFF}.Release|Any CPU.Build.0 = Release|Any CPU
		{9CB87686-237B-4100-AF0B-51D62FF81818}.Debug|Any CPU.ActiveCfg = Debug|Any CPU
		{9CB87686-237B-4100-AF0B-51D62FF81818}.Debug|Any CPU.Build.0 = Debug|Any CPU
		{9CB87686-237B-4100-AF0B-51D62FF81818}.Release|Any CPU.ActiveCfg = Release|Any CPU
		{9CB87686-237B-4100-AF0B-51D62FF81818}.Release|Any CPU.Build.0 = Release|Any CPU
		{2D810D8D-2E6B-408C-ABCB-5E36B65E9A8D}.Debug|Any CPU.ActiveCfg = Debug|Any CPU
		{2D810D8D-2E6B-408C-ABCB-5E36B65E9A8D}.Debug|Any CPU.Build.0 = Debug|Any CPU
		{2D810D8D-2E6B-408C-ABCB-5E36B65E9A8D}.Release|Any CPU.ActiveCfg = Release|Any CPU
		{2D810D8D-2E6B-408C-ABCB-5E36B65E9A8D}.Release|Any CPU.Build.0 = Release|Any CPU
		{4B9CD017-1C35-4D7A-8436-E2B62CC734ED}.Debug|Any CPU.ActiveCfg = Debug|Any CPU
		{4B9CD017-1C35-4D7A-8436-E2B62CC734ED}.Debug|Any CPU.Build.0 = Debug|Any CPU
		{4B9CD017-1C35-4D7A-8436-E2B62CC734ED}.Release|Any CPU.ActiveCfg = Release|Any CPU
		{4B9CD017-1C35-4D7A-8436-E2B62CC734ED}.Release|Any CPU.Build.0 = Release|Any CPU
		{3D46D42B-4046-4332-9341-A67ED2D79256}.Debug|Any CPU.ActiveCfg = Debug|Any CPU
		{3D46D42B-4046-4332-9341-A67ED2D79256}.Debug|Any CPU.Build.0 = Debug|Any CPU
		{3D46D42B-4046-4332-9341-A67ED2D79256}.Release|Any CPU.ActiveCfg = Release|Any CPU
		{3D46D42B-4046-4332-9341-A67ED2D79256}.Release|Any CPU.Build.0 = Release|Any CPU
		{0D35B15B-62D3-4D61-8F7E-71E8CD5EF4FE}.Debug|Any CPU.ActiveCfg = Debug|Any CPU
		{0D35B15B-62D3-4D61-8F7E-71E8CD5EF4FE}.Debug|Any CPU.Build.0 = Debug|Any CPU
		{0D35B15B-62D3-4D61-8F7E-71E8CD5EF4FE}.Release|Any CPU.ActiveCfg = Release|Any CPU
		{0D35B15B-62D3-4D61-8F7E-71E8CD5EF4FE}.Release|Any CPU.Build.0 = Release|Any CPU
		{CF4BFDF9-5C2F-4B7C-B1B0-6827EACF2AB3}.Debug|Any CPU.ActiveCfg = Debug|Any CPU
		{CF4BFDF9-5C2F-4B7C-B1B0-6827EACF2AB3}.Debug|Any CPU.Build.0 = Debug|Any CPU
		{CF4BFDF9-5C2F-4B7C-B1B0-6827EACF2AB3}.Release|Any CPU.ActiveCfg = Release|Any CPU
		{CF4BFDF9-5C2F-4B7C-B1B0-6827EACF2AB3}.Release|Any CPU.Build.0 = Release|Any CPU
		{65BF991D-9D8C-4444-9C92-9F55D3CD6D19}.Debug|Any CPU.ActiveCfg = Debug|Any CPU
		{65BF991D-9D8C-4444-9C92-9F55D3CD6D19}.Debug|Any CPU.Build.0 = Debug|Any CPU
		{65BF991D-9D8C-4444-9C92-9F55D3CD6D19}.Release|Any CPU.ActiveCfg = Release|Any CPU
		{65BF991D-9D8C-4444-9C92-9F55D3CD6D19}.Release|Any CPU.Build.0 = Release|Any CPU
	EndGlobalSection
	GlobalSection(SolutionProperties) = preSolution
		HideSolutionNode = FALSE
	EndGlobalSection
	GlobalSection(NestedProjects) = preSolution
		{C1072B32-5AD6-42D1-8FBE-DF8BB67DAD70} = {57EC1E5A-5DB0-4684-B2AB-024548DB19F7}
		{0671F43A-BECF-4812-8F90-58CE72BA3FFF} = {57EC1E5A-5DB0-4684-B2AB-024548DB19F7}
		{9CB87686-237B-4100-AF0B-51D62FF81818} = {57EC1E5A-5DB0-4684-B2AB-024548DB19F7}
		{4B9CD017-1C35-4D7A-8436-E2B62CC734ED} = {CB9C0947-0BCA-49A6-AFED-AB76FAC13FBF}
		{3D46D42B-4046-4332-9341-A67ED2D79256} = {CB9C0947-0BCA-49A6-AFED-AB76FAC13FBF}
		{0D35B15B-62D3-4D61-8F7E-71E8CD5EF4FE} = {2E4B7F73-D53B-4040-8FF7-C257EB50CF4D}
	EndGlobalSection
	GlobalSection(ExtensibilityGlobals) = postSolution
		SolutionGuid = {B0667B87-8125-4682-A191-617BCFF4CE27}
	EndGlobalSection
EndGlobal
